// !$*UTF8*$!
{
	archiveVersion = 1;
	classes = {
	};
	objectVersion = 46;
	objects = {

/* Begin PBXBuildFile section */
		4CDFAF281FAA827700C69E56 /* Icon-55.png in Resources */ = {isa = PBXBuildFile; fileRef = 4CDFAF0A1FAA827600C69E56 /* Icon-55.png */; };
		4CDFAF291FAA827700C69E56 /* Icon-196.png in Resources */ = {isa = PBXBuildFile; fileRef = 4CDFAF0B1FAA827600C69E56 /* Icon-196.png */; };
		4CDFAF2A1FAA827700C69E56 /* Icon-64.png in Resources */ = {isa = PBXBuildFile; fileRef = 4CDFAF0C1FAA827600C69E56 /* Icon-64.png */; };
		4CDFAF2B1FAA827700C69E56 /* Icon-114.png in Resources */ = {isa = PBXBuildFile; fileRef = 4CDFAF0D1FAA827600C69E56 /* Icon-114.png */; };
		4CDFAF2C1FAA827700C69E56 /* Icon-180.png in Resources */ = {isa = PBXBuildFile; fileRef = 4CDFAF0E1FAA827600C69E56 /* Icon-180.png */; };
		4CDFAF2D1FAA827700C69E56 /* Icon-87.png in Resources */ = {isa = PBXBuildFile; fileRef = 4CDFAF0F1FAA827600C69E56 /* Icon-87.png */; };
		4CDFAF2E1FAA827700C69E56 /* Icon-120.png in Resources */ = {isa = PBXBuildFile; fileRef = 4CDFAF101FAA827600C69E56 /* Icon-120.png */; };
		4CDFAF2F1FAA827700C69E56 /* Icon-152.png in Resources */ = {isa = PBXBuildFile; fileRef = 4CDFAF111FAA827600C69E56 /* Icon-152.png */; };
		4CDFAF301FAA827700C69E56 /* Icon-1024.png in Resources */ = {isa = PBXBuildFile; fileRef = 4CDFAF121FAA827600C69E56 /* Icon-1024.png */; };
		4CDFAF311FAA827700C69E56 /* Icon-48.png in Resources */ = {isa = PBXBuildFile; fileRef = 4CDFAF131FAA827600C69E56 /* Icon-48.png */; };
		4CDFAF321FAA827700C69E56 /* Icon-58.png in Resources */ = {isa = PBXBuildFile; fileRef = 4CDFAF141FAA827600C69E56 /* Icon-58.png */; };
		4CDFAF331FAA827700C69E56 /* Icon-100.png in Resources */ = {isa = PBXBuildFile; fileRef = 4CDFAF151FAA827600C69E56 /* Icon-100.png */; };
		4CDFAF341FAA827700C69E56 /* Icon-32.png in Resources */ = {isa = PBXBuildFile; fileRef = 4CDFAF161FAA827600C69E56 /* Icon-32.png */; };
		4CDFAF351FAA827700C69E56 /* Icon-256.png in Resources */ = {isa = PBXBuildFile; fileRef = 4CDFAF171FAA827600C69E56 /* Icon-256.png */; };
		4CDFAF361FAA827700C69E56 /* Icon-512.png in Resources */ = {isa = PBXBuildFile; fileRef = 4CDFAF181FAA827600C69E56 /* Icon-512.png */; };
		4CDFAF371FAA827700C69E56 /* Icon-50.png in Resources */ = {isa = PBXBuildFile; fileRef = 4CDFAF191FAA827600C69E56 /* Icon-50.png */; };
		4CDFAF381FAA827700C69E56 /* Icon-20.png in Resources */ = {isa = PBXBuildFile; fileRef = 4CDFAF1A1FAA827600C69E56 /* Icon-20.png */; };
		4CDFAF391FAA827700C69E56 /* Icon-57.png in Resources */ = {isa = PBXBuildFile; fileRef = 4CDFAF1B1FAA827600C69E56 /* Icon-57.png */; };
		4CDFAF3A1FAA827700C69E56 /* Icon-128.png in Resources */ = {isa = PBXBuildFile; fileRef = 4CDFAF1C1FAA827600C69E56 /* Icon-128.png */; };
		4CDFAF3B1FAA827700C69E56 /* Icon-60.png in Resources */ = {isa = PBXBuildFile; fileRef = 4CDFAF1D1FAA827600C69E56 /* Icon-60.png */; };
		4CDFAF3C1FAA827700C69E56 /* Icon-172.png in Resources */ = {isa = PBXBuildFile; fileRef = 4CDFAF1E1FAA827600C69E56 /* Icon-172.png */; };
		4CDFAF3D1FAA827700C69E56 /* Icon-80.png in Resources */ = {isa = PBXBuildFile; fileRef = 4CDFAF1F1FAA827600C69E56 /* Icon-80.png */; };
		4CDFAF3E1FAA827700C69E56 /* Icon-16.png in Resources */ = {isa = PBXBuildFile; fileRef = 4CDFAF201FAA827600C69E56 /* Icon-16.png */; };
		4CDFAF3F1FAA827700C69E56 /* Icon-72.png in Resources */ = {isa = PBXBuildFile; fileRef = 4CDFAF211FAA827600C69E56 /* Icon-72.png */; };
		4CDFAF401FAA827700C69E56 /* Icon-76.png in Resources */ = {isa = PBXBuildFile; fileRef = 4CDFAF221FAA827600C69E56 /* Icon-76.png */; };
		4CDFAF411FAA827700C69E56 /* Icon-40.png in Resources */ = {isa = PBXBuildFile; fileRef = 4CDFAF231FAA827600C69E56 /* Icon-40.png */; };
		4CDFAF421FAA827700C69E56 /* Icon-167.png in Resources */ = {isa = PBXBuildFile; fileRef = 4CDFAF241FAA827600C69E56 /* Icon-167.png */; };
		4CDFAF431FAA827700C69E56 /* Icon-144.png in Resources */ = {isa = PBXBuildFile; fileRef = 4CDFAF251FAA827700C69E56 /* Icon-144.png */; };
		4CDFAF441FAA827700C69E56 /* Icon-88.png in Resources */ = {isa = PBXBuildFile; fileRef = 4CDFAF261FAA827700C69E56 /* Icon-88.png */; };
		4CDFAF451FAA827700C69E56 /* Icon-29.png in Resources */ = {isa = PBXBuildFile; fileRef = 4CDFAF271FAA827700C69E56 /* Icon-29.png */; };
		4CDFAF5B1FAA835D00C69E56 /* 0.png in Resources */ = {isa = PBXBuildFile; fileRef = 4CDFAF461FAA835C00C69E56 /* 0.png */; };
		4CDFAF5C1FAA835D00C69E56 /* +.png in Resources */ = {isa = PBXBuildFile; fileRef = 4CDFAF471FAA835C00C69E56 /* +.png */; };
		4CDFAF5D1FAA835D00C69E56 /* 4.png in Resources */ = {isa = PBXBuildFile; fileRef = 4CDFAF481FAA835C00C69E56 /* 4.png */; };
		4CDFAF5E1FAA835D00C69E56 /* 2.png in Resources */ = {isa = PBXBuildFile; fileRef = 4CDFAF491FAA835C00C69E56 /* 2.png */; };
		4CDFAF5F1FAA835D00C69E56 /* 5.png in Resources */ = {isa = PBXBuildFile; fileRef = 4CDFAF4A1FAA835C00C69E56 /* 5.png */; };
		4CDFAF601FAA835D00C69E56 /* 9.png in Resources */ = {isa = PBXBuildFile; fileRef = 4CDFAF4B1FAA835C00C69E56 /* 9.png */; };
		4CDFAF611FAA835D00C69E56 /* bugget1.png in Resources */ = {isa = PBXBuildFile; fileRef = 4CDFAF4C1FAA835C00C69E56 /* bugget1.png */; };
		4CDFAF621FAA835D00C69E56 /* erase1.png in Resources */ = {isa = PBXBuildFile; fileRef = 4CDFAF4D1FAA835C00C69E56 /* erase1.png */; };
		4CDFAF631FAA835D00C69E56 /* 3.png in Resources */ = {isa = PBXBuildFile; fileRef = 4CDFAF4E1FAA835D00C69E56 /* 3.png */; };
		4CDFAF641FAA835D00C69E56 /* landscreen.png in Resources */ = {isa = PBXBuildFile; fileRef = 4CDFAF4F1FAA835D00C69E56 /* landscreen.png */; };
		4CDFAF651FAA835D00C69E56 /* lista.png in Resources */ = {isa = PBXBuildFile; fileRef = 4CDFAF501FAA835D00C69E56 /* lista.png */; };
		4CDFAF661FAA835D00C69E56 /* logo1.png in Resources */ = {isa = PBXBuildFile; fileRef = 4CDFAF511FAA835D00C69E56 /* logo1.png */; };
		4CDFAF671FAA835D00C69E56 /* pagina1.png in Resources */ = {isa = PBXBuildFile; fileRef = 4CDFAF521FAA835D00C69E56 /* pagina1.png */; };
		4CDFAF681FAA835D00C69E56 /* 1.png in Resources */ = {isa = PBXBuildFile; fileRef = 4CDFAF531FAA835D00C69E56 /* 1.png */; };
		4CDFAF691FAA835D00C69E56 /* ponto.png in Resources */ = {isa = PBXBuildFile; fileRef = 4CDFAF541FAA835D00C69E56 /* ponto.png */; };
		4CDFAF6A1FAA835D00C69E56 /* frente2.png in Resources */ = {isa = PBXBuildFile; fileRef = 4CDFAF551FAA835D00C69E56 /* frente2.png */; };
		4CDFAF6B1FAA835D00C69E56 /* +tx.png in Resources */ = {isa = PBXBuildFile; fileRef = 4CDFAF561FAA835D00C69E56 /* +tx.png */; };
		4CDFAF6C1FAA835D00C69E56 /* 8.png in Resources */ = {isa = PBXBuildFile; fileRef = 4CDFAF571FAA835D00C69E56 /* 8.png */; };
		4CDFAF6D1FAA835D00C69E56 /* return.png in Resources */ = {isa = PBXBuildFile; fileRef = 4CDFAF581FAA835D00C69E56 /* return.png */; };
		4CDFAF6E1FAA835D00C69E56 /* 7.png in Resources */ = {isa = PBXBuildFile; fileRef = 4CDFAF591FAA835D00C69E56 /* 7.png */; };
		4CDFAF6F1FAA835D00C69E56 /* 6.png in Resources */ = {isa = PBXBuildFile; fileRef = 4CDFAF5A1FAA835D00C69E56 /* 6.png */; };
		4CFC961A1FAA18B200749037 /* MichiganTaxe.swift in Sources */ = {isa = PBXBuildFile; fileRef = 4CFC96191FAA18B200749037 /* MichiganTaxe.swift */; };
		9D355DC81D70946100D4D755 /* Main.storyboard in Resources */ = {isa = PBXBuildFile; fileRef = 9D4DEC4F1D6DDE39001490B9 /* Main.storyboard */; };
		9D4DEC4C1D6DDE39001490B9 /* AppDelegate.swift in Sources */ = {isa = PBXBuildFile; fileRef = 9D4DEC4B1D6DDE39001490B9 /* AppDelegate.swift */; };
		9D4DEC4E1D6DDE39001490B9 /* ViewController.swift in Sources */ = {isa = PBXBuildFile; fileRef = 9D4DEC4D1D6DDE39001490B9 /* ViewController.swift */; };
		9D4DEC531D6DDE39001490B9 /* Assets.xcassets in Resources */ = {isa = PBXBuildFile; fileRef = 9D4DEC521D6DDE39001490B9 /* Assets.xcassets */; };
		9D4DEC561D6DDE39001490B9 /* LaunchScreen.storyboard in Resources */ = {isa = PBXBuildFile; fileRef = 9D4DEC541D6DDE39001490B9 /* LaunchScreen.storyboard */; };
		9D741FF21D74BA260064B267 /* Singleton.swift in Sources */ = {isa = PBXBuildFile; fileRef = 9D741FF11D74BA260064B267 /* Singleton.swift */; };
		9D7E0FCD1D75D67800D2ADFA /* TableController.swift in Sources */ = {isa = PBXBuildFile; fileRef = 9D7E0FCC1D75D67800D2ADFA /* TableController.swift */; };
		9DC7199C1D77229C0063670B /* QuebecTaxes.swift in Sources */ = {isa = PBXBuildFile; fileRef = 9DC7199B1D77229C0063670B /* QuebecTaxes.swift */; };
/* End PBXBuildFile section */

/* Begin PBXFileReference section */
		4CDFAF0A1FAA827600C69E56 /* Icon-55.png */ = {isa = PBXFileReference; lastKnownFileType = image.png; path = "Icon-55.png"; sourceTree = "<group>"; };
		4CDFAF0B1FAA827600C69E56 /* Icon-196.png */ = {isa = PBXFileReference; lastKnownFileType = image.png; path = "Icon-196.png"; sourceTree = "<group>"; };
		4CDFAF0C1FAA827600C69E56 /* Icon-64.png */ = {isa = PBXFileReference; lastKnownFileType = image.png; path = "Icon-64.png"; sourceTree = "<group>"; };
		4CDFAF0D1FAA827600C69E56 /* Icon-114.png */ = {isa = PBXFileReference; lastKnownFileType = image.png; path = "Icon-114.png"; sourceTree = "<group>"; };
		4CDFAF0E1FAA827600C69E56 /* Icon-180.png */ = {isa = PBXFileReference; lastKnownFileType = image.png; path = "Icon-180.png"; sourceTree = "<group>"; };
		4CDFAF0F1FAA827600C69E56 /* Icon-87.png */ = {isa = PBXFileReference; lastKnownFileType = image.png; path = "Icon-87.png"; sourceTree = "<group>"; };
		4CDFAF101FAA827600C69E56 /* Icon-120.png */ = {isa = PBXFileReference; lastKnownFileType = image.png; path = "Icon-120.png"; sourceTree = "<group>"; };
		4CDFAF111FAA827600C69E56 /* Icon-152.png */ = {isa = PBXFileReference; lastKnownFileType = image.png; path = "Icon-152.png"; sourceTree = "<group>"; };
		4CDFAF121FAA827600C69E56 /* Icon-1024.png */ = {isa = PBXFileReference; lastKnownFileType = image.png; path = "Icon-1024.png"; sourceTree = "<group>"; };
		4CDFAF131FAA827600C69E56 /* Icon-48.png */ = {isa = PBXFileReference; lastKnownFileType = image.png; path = "Icon-48.png"; sourceTree = "<group>"; };
		4CDFAF141FAA827600C69E56 /* Icon-58.png */ = {isa = PBXFileReference; lastKnownFileType = image.png; path = "Icon-58.png"; sourceTree = "<group>"; };
		4CDFAF151FAA827600C69E56 /* Icon-100.png */ = {isa = PBXFileReference; lastKnownFileType = image.png; path = "Icon-100.png"; sourceTree = "<group>"; };
		4CDFAF161FAA827600C69E56 /* Icon-32.png */ = {isa = PBXFileReference; lastKnownFileType = image.png; path = "Icon-32.png"; sourceTree = "<group>"; };
		4CDFAF171FAA827600C69E56 /* Icon-256.png */ = {isa = PBXFileReference; lastKnownFileType = image.png; path = "Icon-256.png"; sourceTree = "<group>"; };
		4CDFAF181FAA827600C69E56 /* Icon-512.png */ = {isa = PBXFileReference; lastKnownFileType = image.png; path = "Icon-512.png"; sourceTree = "<group>"; };
		4CDFAF191FAA827600C69E56 /* Icon-50.png */ = {isa = PBXFileReference; lastKnownFileType = image.png; path = "Icon-50.png"; sourceTree = "<group>"; };
		4CDFAF1A1FAA827600C69E56 /* Icon-20.png */ = {isa = PBXFileReference; lastKnownFileType = image.png; path = "Icon-20.png"; sourceTree = "<group>"; };
		4CDFAF1B1FAA827600C69E56 /* Icon-57.png */ = {isa = PBXFileReference; lastKnownFileType = image.png; path = "Icon-57.png"; sourceTree = "<group>"; };
		4CDFAF1C1FAA827600C69E56 /* Icon-128.png */ = {isa = PBXFileReference; lastKnownFileType = image.png; path = "Icon-128.png"; sourceTree = "<group>"; };
		4CDFAF1D1FAA827600C69E56 /* Icon-60.png */ = {isa = PBXFileReference; lastKnownFileType = image.png; path = "Icon-60.png"; sourceTree = "<group>"; };
		4CDFAF1E1FAA827600C69E56 /* Icon-172.png */ = {isa = PBXFileReference; lastKnownFileType = image.png; path = "Icon-172.png"; sourceTree = "<group>"; };
		4CDFAF1F1FAA827600C69E56 /* Icon-80.png */ = {isa = PBXFileReference; lastKnownFileType = image.png; path = "Icon-80.png"; sourceTree = "<group>"; };
		4CDFAF201FAA827600C69E56 /* Icon-16.png */ = {isa = PBXFileReference; lastKnownFileType = image.png; path = "Icon-16.png"; sourceTree = "<group>"; };
		4CDFAF211FAA827600C69E56 /* Icon-72.png */ = {isa = PBXFileReference; lastKnownFileType = image.png; path = "Icon-72.png"; sourceTree = "<group>"; };
		4CDFAF221FAA827600C69E56 /* Icon-76.png */ = {isa = PBXFileReference; lastKnownFileType = image.png; path = "Icon-76.png"; sourceTree = "<group>"; };
		4CDFAF231FAA827600C69E56 /* Icon-40.png */ = {isa = PBXFileReference; lastKnownFileType = image.png; path = "Icon-40.png"; sourceTree = "<group>"; };
		4CDFAF241FAA827600C69E56 /* Icon-167.png */ = {isa = PBXFileReference; lastKnownFileType = image.png; path = "Icon-167.png"; sourceTree = "<group>"; };
		4CDFAF251FAA827700C69E56 /* Icon-144.png */ = {isa = PBXFileReference; lastKnownFileType = image.png; path = "Icon-144.png"; sourceTree = "<group>"; };
		4CDFAF261FAA827700C69E56 /* Icon-88.png */ = {isa = PBXFileReference; lastKnownFileType = image.png; path = "Icon-88.png"; sourceTree = "<group>"; };
		4CDFAF271FAA827700C69E56 /* Icon-29.png */ = {isa = PBXFileReference; lastKnownFileType = image.png; path = "Icon-29.png"; sourceTree = "<group>"; };
		4CDFAF461FAA835C00C69E56 /* 0.png */ = {isa = PBXFileReference; lastKnownFileType = image.png; path = 0.png; sourceTree = "<group>"; };
		4CDFAF471FAA835C00C69E56 /* +.png */ = {isa = PBXFileReference; lastKnownFileType = image.png; path = "+.png"; sourceTree = "<group>"; };
		4CDFAF481FAA835C00C69E56 /* 4.png */ = {isa = PBXFileReference; lastKnownFileType = image.png; path = 4.png; sourceTree = "<group>"; };
		4CDFAF491FAA835C00C69E56 /* 2.png */ = {isa = PBXFileReference; lastKnownFileType = image.png; path = 2.png; sourceTree = "<group>"; };
		4CDFAF4A1FAA835C00C69E56 /* 5.png */ = {isa = PBXFileReference; lastKnownFileType = image.png; path = 5.png; sourceTree = "<group>"; };
		4CDFAF4B1FAA835C00C69E56 /* 9.png */ = {isa = PBXFileReference; lastKnownFileType = image.png; path = 9.png; sourceTree = "<group>"; };
		4CDFAF4C1FAA835C00C69E56 /* bugget1.png */ = {isa = PBXFileReference; lastKnownFileType = image.png; path = bugget1.png; sourceTree = "<group>"; };
		4CDFAF4D1FAA835C00C69E56 /* erase1.png */ = {isa = PBXFileReference; lastKnownFileType = image.png; path = erase1.png; sourceTree = "<group>"; };
		4CDFAF4E1FAA835D00C69E56 /* 3.png */ = {isa = PBXFileReference; lastKnownFileType = image.png; path = 3.png; sourceTree = "<group>"; };
		4CDFAF4F1FAA835D00C69E56 /* landscreen.png */ = {isa = PBXFileReference; lastKnownFileType = image.png; path = landscreen.png; sourceTree = "<group>"; };
		4CDFAF501FAA835D00C69E56 /* lista.png */ = {isa = PBXFileReference; lastKnownFileType = image.png; path = lista.png; sourceTree = "<group>"; };
		4CDFAF511FAA835D00C69E56 /* logo1.png */ = {isa = PBXFileReference; lastKnownFileType = image.png; path = logo1.png; sourceTree = "<group>"; };
		4CDFAF521FAA835D00C69E56 /* pagina1.png */ = {isa = PBXFileReference; lastKnownFileType = image.png; path = pagina1.png; sourceTree = "<group>"; };
		4CDFAF531FAA835D00C69E56 /* 1.png */ = {isa = PBXFileReference; lastKnownFileType = image.png; path = 1.png; sourceTree = "<group>"; };
		4CDFAF541FAA835D00C69E56 /* ponto.png */ = {isa = PBXFileReference; lastKnownFileType = image.png; path = ponto.png; sourceTree = "<group>"; };
		4CDFAF551FAA835D00C69E56 /* frente2.png */ = {isa = PBXFileReference; lastKnownFileType = image.png; path = frente2.png; sourceTree = "<group>"; };
		4CDFAF561FAA835D00C69E56 /* +tx.png */ = {isa = PBXFileReference; lastKnownFileType = image.png; path = "+tx.png"; sourceTree = "<group>"; };
		4CDFAF571FAA835D00C69E56 /* 8.png */ = {isa = PBXFileReference; lastKnownFileType = image.png; path = 8.png; sourceTree = "<group>"; };
		4CDFAF581FAA835D00C69E56 /* return.png */ = {isa = PBXFileReference; lastKnownFileType = image.png; path = return.png; sourceTree = "<group>"; };
		4CDFAF591FAA835D00C69E56 /* 7.png */ = {isa = PBXFileReference; lastKnownFileType = image.png; path = 7.png; sourceTree = "<group>"; };
		4CDFAF5A1FAA835D00C69E56 /* 6.png */ = {isa = PBXFileReference; lastKnownFileType = image.png; path = 6.png; sourceTree = "<group>"; };
		4CFC96191FAA18B200749037 /* MichiganTaxe.swift */ = {isa = PBXFileReference; lastKnownFileType = sourcecode.swift; path = MichiganTaxe.swift; sourceTree = "<group>"; };
		9D4DEC481D6DDE38001490B9 /* AddUp.app */ = {isa = PBXFileReference; explicitFileType = wrapper.application; includeInIndex = 0; path = AddUp.app; sourceTree = BUILT_PRODUCTS_DIR; };
		9D4DEC4B1D6DDE39001490B9 /* AppDelegate.swift */ = {isa = PBXFileReference; lastKnownFileType = sourcecode.swift; path = AppDelegate.swift; sourceTree = "<group>"; };
		9D4DEC4D1D6DDE39001490B9 /* ViewController.swift */ = {isa = PBXFileReference; lastKnownFileType = sourcecode.swift; path = ViewController.swift; sourceTree = "<group>"; };
		9D4DEC501D6DDE39001490B9 /* Base */ = {isa = PBXFileReference; lastKnownFileType = file.storyboard; name = Base; path = Base.lproj/Main.storyboard; sourceTree = "<group>"; };
		9D4DEC521D6DDE39001490B9 /* Assets.xcassets */ = {isa = PBXFileReference; lastKnownFileType = folder.assetcatalog; path = Assets.xcassets; sourceTree = "<group>"; };
		9D4DEC551D6DDE39001490B9 /* Base */ = {isa = PBXFileReference; lastKnownFileType = file.storyboard; name = Base; path = Base.lproj/LaunchScreen.storyboard; sourceTree = "<group>"; };
		9D4DEC571D6DDE39001490B9 /* Info.plist */ = {isa = PBXFileReference; lastKnownFileType = text.plist.xml; path = Info.plist; sourceTree = "<group>"; };
		9D741FF11D74BA260064B267 /* Singleton.swift */ = {isa = PBXFileReference; fileEncoding = 4; lastKnownFileType = sourcecode.swift; path = Singleton.swift; sourceTree = "<group>"; };
		9D7E0FCC1D75D67800D2ADFA /* TableController.swift */ = {isa = PBXFileReference; fileEncoding = 4; lastKnownFileType = sourcecode.swift; path = TableController.swift; sourceTree = "<group>"; };
		9DC7199B1D77229C0063670B /* QuebecTaxes.swift */ = {isa = PBXFileReference; fileEncoding = 4; lastKnownFileType = sourcecode.swift; path = QuebecTaxes.swift; sourceTree = "<group>"; };
/* End PBXFileReference section */

/* Begin PBXFrameworksBuildPhase section */
		9D4DEC451D6DDE38001490B9 /* Frameworks */ = {
			isa = PBXFrameworksBuildPhase;
			buildActionMask = 2147483647;
			files = (
			);
			runOnlyForDeploymentPostprocessing = 0;
		};
/* End PBXFrameworksBuildPhase section */

/* Begin PBXGroup section */
		4C382C9D1FA7E25E00206E74 /* Images */ = {
			isa = PBXGroup;
			children = (
				4CDFAF471FAA835C00C69E56 /* +.png */,
				4CDFAF561FAA835D00C69E56 /* +tx.png */,
				4CDFAF461FAA835C00C69E56 /* 0.png */,
				4CDFAF531FAA835D00C69E56 /* 1.png */,
				4CDFAF491FAA835C00C69E56 /* 2.png */,
				4CDFAF4E1FAA835D00C69E56 /* 3.png */,
				4CDFAF481FAA835C00C69E56 /* 4.png */,
				4CDFAF4A1FAA835C00C69E56 /* 5.png */,
				4CDFAF5A1FAA835D00C69E56 /* 6.png */,
				4CDFAF591FAA835D00C69E56 /* 7.png */,
				4CDFAF571FAA835D00C69E56 /* 8.png */,
				4CDFAF4B1FAA835C00C69E56 /* 9.png */,
				4CDFAF4C1FAA835C00C69E56 /* bugget1.png */,
				4CDFAF4D1FAA835C00C69E56 /* erase1.png */,
				4CDFAF551FAA835D00C69E56 /* frente2.png */,
				4CDFAF4F1FAA835D00C69E56 /* landscreen.png */,
				4CDFAF501FAA835D00C69E56 /* lista.png */,
				4CDFAF511FAA835D00C69E56 /* logo1.png */,
				4CDFAF521FAA835D00C69E56 /* pagina1.png */,
				4CDFAF541FAA835D00C69E56 /* ponto.png */,
				4CDFAF581FAA835D00C69E56 /* return.png */,
			);
			path = Images;
			sourceTree = "<group>";
		};
		4CDFAF091FAA824700C69E56 /* Icone */ = {
			isa = PBXGroup;
			children = (
				4CDFAF201FAA827600C69E56 /* Icon-16.png */,
				4CDFAF1A1FAA827600C69E56 /* Icon-20.png */,
				4CDFAF271FAA827700C69E56 /* Icon-29.png */,
				4CDFAF161FAA827600C69E56 /* Icon-32.png */,
				4CDFAF231FAA827600C69E56 /* Icon-40.png */,
				4CDFAF131FAA827600C69E56 /* Icon-48.png */,
				4CDFAF191FAA827600C69E56 /* Icon-50.png */,
				4CDFAF0A1FAA827600C69E56 /* Icon-55.png */,
				4CDFAF1B1FAA827600C69E56 /* Icon-57.png */,
				4CDFAF141FAA827600C69E56 /* Icon-58.png */,
				4CDFAF1D1FAA827600C69E56 /* Icon-60.png */,
				4CDFAF0C1FAA827600C69E56 /* Icon-64.png */,
				4CDFAF211FAA827600C69E56 /* Icon-72.png */,
				4CDFAF221FAA827600C69E56 /* Icon-76.png */,
				4CDFAF1F1FAA827600C69E56 /* Icon-80.png */,
				4CDFAF0F1FAA827600C69E56 /* Icon-87.png */,
				4CDFAF261FAA827700C69E56 /* Icon-88.png */,
				4CDFAF151FAA827600C69E56 /* Icon-100.png */,
				4CDFAF0D1FAA827600C69E56 /* Icon-114.png */,
				4CDFAF101FAA827600C69E56 /* Icon-120.png */,
				4CDFAF1C1FAA827600C69E56 /* Icon-128.png */,
				4CDFAF251FAA827700C69E56 /* Icon-144.png */,
				4CDFAF111FAA827600C69E56 /* Icon-152.png */,
				4CDFAF241FAA827600C69E56 /* Icon-167.png */,
				4CDFAF1E1FAA827600C69E56 /* Icon-172.png */,
				4CDFAF0E1FAA827600C69E56 /* Icon-180.png */,
				4CDFAF0B1FAA827600C69E56 /* Icon-196.png */,
				4CDFAF171FAA827600C69E56 /* Icon-256.png */,
				4CDFAF181FAA827600C69E56 /* Icon-512.png */,
				4CDFAF121FAA827600C69E56 /* Icon-1024.png */,
			);
			path = Icone;
			sourceTree = "<group>";
		};
		9D4DEC3F1D6DDE37001490B9 = {
			isa = PBXGroup;
			children = (
				9D4DEC4A1D6DDE38001490B9 /* AddUp */,
				9D4DEC491D6DDE38001490B9 /* Products */,
			);
			sourceTree = "<group>";
		};
		9D4DEC491D6DDE38001490B9 /* Products */ = {
			isa = PBXGroup;
			children = (
				9D4DEC481D6DDE38001490B9 /* AddUp.app */,
			);
			name = Products;
			sourceTree = "<group>";
		};
		9D4DEC4A1D6DDE38001490B9 /* AddUp */ = {
			isa = PBXGroup;
			children = (
				4CDFAF091FAA824700C69E56 /* Icone */,
				4C382C9D1FA7E25E00206E74 /* Images */,
				9D4DEC4B1D6DDE39001490B9 /* AppDelegate.swift */,
				9D741FF11D74BA260064B267 /* Singleton.swift */,
				9D4DEC4D1D6DDE39001490B9 /* ViewController.swift */,
				9DC7199B1D77229C0063670B /* QuebecTaxes.swift */,
				4CFC96191FAA18B200749037 /* MichiganTaxe.swift */,
				9D7E0FCC1D75D67800D2ADFA /* TableController.swift */,
				9D4DEC4F1D6DDE39001490B9 /* Main.storyboard */,
				9D4DEC521D6DDE39001490B9 /* Assets.xcassets */,
				9D4DEC541D6DDE39001490B9 /* LaunchScreen.storyboard */,
				9D4DEC571D6DDE39001490B9 /* Info.plist */,
			);
			path = AddUp;
			sourceTree = "<group>";
		};
/* End PBXGroup section */

/* Begin PBXNativeTarget section */
		9D4DEC471D6DDE38001490B9 /* AddUp */ = {
			isa = PBXNativeTarget;
			buildConfigurationList = 9D4DEC5A1D6DDE39001490B9 /* Build configuration list for PBXNativeTarget "AddUp" */;
			buildPhases = (
				9D4DEC441D6DDE38001490B9 /* Sources */,
				9D4DEC451D6DDE38001490B9 /* Frameworks */,
				9D4DEC461D6DDE38001490B9 /* Resources */,
			);
			buildRules = (
			);
			dependencies = (
			);
			name = AddUp;
			productName = AddUp;
			productReference = 9D4DEC481D6DDE38001490B9 /* AddUp.app */;
			productType = "com.apple.product-type.application";
		};
/* End PBXNativeTarget section */

/* Begin PBXProject section */
		9D4DEC401D6DDE37001490B9 /* Project object */ = {
			isa = PBXProject;
			attributes = {
				LastSwiftUpdateCheck = 0800;
				LastUpgradeCheck = 0900;
				ORGANIZATIONNAME = "Mario Geneau";
				TargetAttributes = {
					9D4DEC471D6DDE38001490B9 = {
						CreatedOnToolsVersion = 8.0;
						LastSwiftMigration = 0900;
						ProvisioningStyle = Automatic;
					};
				};
			};
			buildConfigurationList = 9D4DEC431D6DDE37001490B9 /* Build configuration list for PBXProject "AddUp" */;
			compatibilityVersion = "Xcode 3.2";
			developmentRegion = English;
			hasScannedForEncodings = 0;
			knownRegions = (
				en,
				Base,
			);
			mainGroup = 9D4DEC3F1D6DDE37001490B9;
			productRefGroup = 9D4DEC491D6DDE38001490B9 /* Products */;
			projectDirPath = "";
			projectRoot = "";
			targets = (
				9D4DEC471D6DDE38001490B9 /* AddUp */,
			);
		};
/* End PBXProject section */

/* Begin PBXResourcesBuildPhase section */
		9D4DEC461D6DDE38001490B9 /* Resources */ = {
			isa = PBXResourcesBuildPhase;
			buildActionMask = 2147483647;
			files = (
				4CDFAF5D1FAA835D00C69E56 /* 4.png in Resources */,
				4CDFAF5B1FAA835D00C69E56 /* 0.png in Resources */,
				9D4DEC561D6DDE39001490B9 /* LaunchScreen.storyboard in Resources */,
				4CDFAF431FAA827700C69E56 /* Icon-144.png in Resources */,
				4CDFAF341FAA827700C69E56 /* Icon-32.png in Resources */,
				4CDFAF451FAA827700C69E56 /* Icon-29.png in Resources */,
				4CDFAF3A1FAA827700C69E56 /* Icon-128.png in Resources */,
				4CDFAF6B1FAA835D00C69E56 /* +tx.png in Resources */,
				4CDFAF361FAA827700C69E56 /* Icon-512.png in Resources */,
				4CDFAF2B1FAA827700C69E56 /* Icon-114.png in Resources */,
				4CDFAF5E1FAA835D00C69E56 /* 2.png in Resources */,
				4CDFAF2F1FAA827700C69E56 /* Icon-152.png in Resources */,
				4CDFAF321FAA827700C69E56 /* Icon-58.png in Resources */,
				4CDFAF371FAA827700C69E56 /* Icon-50.png in Resources */,
				4CDFAF661FAA835D00C69E56 /* logo1.png in Resources */,
				4CDFAF641FAA835D00C69E56 /* landscreen.png in Resources */,
				4CDFAF611FAA835D00C69E56 /* bugget1.png in Resources */,
				4CDFAF381FAA827700C69E56 /* Icon-20.png in Resources */,
				4CDFAF311FAA827700C69E56 /* Icon-48.png in Resources */,
				4CDFAF281FAA827700C69E56 /* Icon-55.png in Resources */,
				4CDFAF6A1FAA835D00C69E56 /* frente2.png in Resources */,
				9D355DC81D70946100D4D755 /* Main.storyboard in Resources */,
				4CDFAF681FAA835D00C69E56 /* 1.png in Resources */,
				4CDFAF3E1FAA827700C69E56 /* Icon-16.png in Resources */,
				4CDFAF5C1FAA835D00C69E56 /* +.png in Resources */,
				4CDFAF411FAA827700C69E56 /* Icon-40.png in Resources */,
				4CDFAF2C1FAA827700C69E56 /* Icon-180.png in Resources */,
				4CDFAF5F1FAA835D00C69E56 /* 5.png in Resources */,
				4CDFAF3B1FAA827700C69E56 /* Icon-60.png in Resources */,
				4CDFAF441FAA827700C69E56 /* Icon-88.png in Resources */,
				4CDFAF6F1FAA835D00C69E56 /* 6.png in Resources */,
				4CDFAF3F1FAA827700C69E56 /* Icon-72.png in Resources */,
				4CDFAF291FAA827700C69E56 /* Icon-196.png in Resources */,
				4CDFAF2A1FAA827700C69E56 /* Icon-64.png in Resources */,
				4CDFAF421FAA827700C69E56 /* Icon-167.png in Resources */,
				4CDFAF391FAA827700C69E56 /* Icon-57.png in Resources */,
				4CDFAF351FAA827700C69E56 /* Icon-256.png in Resources */,
				4CDFAF601FAA835D00C69E56 /* 9.png in Resources */,
				4CDFAF3D1FAA827700C69E56 /* Icon-80.png in Resources */,
				4CDFAF631FAA835D00C69E56 /* 3.png in Resources */,
				4CDFAF2E1FAA827700C69E56 /* Icon-120.png in Resources */,
				4CDFAF301FAA827700C69E56 /* Icon-1024.png in Resources */,
				4CDFAF651FAA835D00C69E56 /* lista.png in Resources */,
				4CDFAF6C1FAA835D00C69E56 /* 8.png in Resources */,
				9D4DEC531D6DDE39001490B9 /* Assets.xcassets in Resources */,
				4CDFAF401FAA827700C69E56 /* Icon-76.png in Resources */,
				4CDFAF6D1FAA835D00C69E56 /* return.png in Resources */,
				4CDFAF671FAA835D00C69E56 /* pagina1.png in Resources */,
				4CDFAF621FAA835D00C69E56 /* erase1.png in Resources */,
				4CDFAF691FAA835D00C69E56 /* ponto.png in Resources */,
				4CDFAF331FAA827700C69E56 /* Icon-100.png in Resources */,
				4CDFAF3C1FAA827700C69E56 /* Icon-172.png in Resources */,
				4CDFAF2D1FAA827700C69E56 /* Icon-87.png in Resources */,
				4CDFAF6E1FAA835D00C69E56 /* 7.png in Resources */,
			);
			runOnlyForDeploymentPostprocessing = 0;
		};
/* End PBXResourcesBuildPhase section */

/* Begin PBXSourcesBuildPhase section */
		9D4DEC441D6DDE38001490B9 /* Sources */ = {
			isa = PBXSourcesBuildPhase;
			buildActionMask = 2147483647;
			files = (
				9D7E0FCD1D75D67800D2ADFA /* TableController.swift in Sources */,
				4CFC961A1FAA18B200749037 /* MichiganTaxe.swift in Sources */,
				9D4DEC4E1D6DDE39001490B9 /* ViewController.swift in Sources */,
				9D741FF21D74BA260064B267 /* Singleton.swift in Sources */,
				9D4DEC4C1D6DDE39001490B9 /* AppDelegate.swift in Sources */,
				9DC7199C1D77229C0063670B /* QuebecTaxes.swift in Sources */,
			);
			runOnlyForDeploymentPostprocessing = 0;
		};
/* End PBXSourcesBuildPhase section */

/* Begin PBXVariantGroup section */
		9D4DEC4F1D6DDE39001490B9 /* Main.storyboard */ = {
			isa = PBXVariantGroup;
			children = (
				9D4DEC501D6DDE39001490B9 /* Base */,
			);
			name = Main.storyboard;
			sourceTree = "<group>";
		};
		9D4DEC541D6DDE39001490B9 /* LaunchScreen.storyboard */ = {
			isa = PBXVariantGroup;
			children = (
				9D4DEC551D6DDE39001490B9 /* Base */,
			);
			name = LaunchScreen.storyboard;
			sourceTree = "<group>";
		};
/* End PBXVariantGroup section */

/* Begin XCBuildConfiguration section */
		9D4DEC581D6DDE39001490B9 /* Debug */ = {
			isa = XCBuildConfiguration;
			buildSettings = {
				ALWAYS_SEARCH_USER_PATHS = NO;
				CLANG_ANALYZER_NONNULL = YES;
				CLANG_CXX_LANGUAGE_STANDARD = "gnu++0x";
				CLANG_CXX_LIBRARY = "libc++";
				CLANG_ENABLE_MODULES = YES;
				CLANG_ENABLE_OBJC_ARC = YES;
				CLANG_WARN_BLOCK_CAPTURE_AUTORELEASING = YES;
				CLANG_WARN_BOOL_CONVERSION = YES;
				CLANG_WARN_COMMA = YES;
				CLANG_WARN_CONSTANT_CONVERSION = YES;
				CLANG_WARN_DIRECT_OBJC_ISA_USAGE = YES_ERROR;
				CLANG_WARN_DOCUMENTATION_COMMENTS = YES;
				CLANG_WARN_EMPTY_BODY = YES;
				CLANG_WARN_ENUM_CONVERSION = YES;
				CLANG_WARN_INFINITE_RECURSION = YES;
				CLANG_WARN_INT_CONVERSION = YES;
				CLANG_WARN_NON_LITERAL_NULL_CONVERSION = YES;
				CLANG_WARN_OBJC_LITERAL_CONVERSION = YES;
				CLANG_WARN_OBJC_ROOT_CLASS = YES_ERROR;
				CLANG_WARN_RANGE_LOOP_ANALYSIS = YES;
				CLANG_WARN_STRICT_PROTOTYPES = YES;
				CLANG_WARN_SUSPICIOUS_MOVE = YES;
				CLANG_WARN_SUSPICIOUS_MOVES = YES;
				CLANG_WARN_UNREACHABLE_CODE = YES;
				CLANG_WARN__DUPLICATE_METHOD_MATCH = YES;
				CODE_SIGN_IDENTITY = "iPhone Developer: Mario Geneau (R93YA3HTB4)";
				"CODE_SIGN_IDENTITY[sdk=iphoneos*]" = "iPhone Developer";
				COPY_PHASE_STRIP = NO;
				DEBUG_INFORMATION_FORMAT = dwarf;
				ENABLE_STRICT_OBJC_MSGSEND = YES;
				ENABLE_TESTABILITY = YES;
				GCC_C_LANGUAGE_STANDARD = gnu99;
				GCC_DYNAMIC_NO_PIC = NO;
				GCC_NO_COMMON_BLOCKS = YES;
				GCC_OPTIMIZATION_LEVEL = 0;
				GCC_PREPROCESSOR_DEFINITIONS = (
					"DEBUG=1",
					"$(inherited)",
				);
				GCC_WARN_64_TO_32_BIT_CONVERSION = YES;
				GCC_WARN_ABOUT_RETURN_TYPE = YES_ERROR;
				GCC_WARN_UNDECLARED_SELECTOR = YES;
				GCC_WARN_UNINITIALIZED_AUTOS = YES_AGGRESSIVE;
				GCC_WARN_UNUSED_FUNCTION = YES;
				GCC_WARN_UNUSED_VARIABLE = YES;
				IPHONEOS_DEPLOYMENT_TARGET = 10.0;
				MTL_ENABLE_DEBUG_INFO = YES;
				ONLY_ACTIVE_ARCH = YES;
				SDKROOT = iphoneos;
				SWIFT_ACTIVE_COMPILATION_CONDITIONS = DEBUG;
				SWIFT_OPTIMIZATION_LEVEL = "-Onone";
				TARGETED_DEVICE_FAMILY = "1,2";
			};
			name = Debug;
		};
		9D4DEC591D6DDE39001490B9 /* Release */ = {
			isa = XCBuildConfiguration;
			buildSettings = {
				ALWAYS_SEARCH_USER_PATHS = NO;
				CLANG_ANALYZER_NONNULL = YES;
				CLANG_CXX_LANGUAGE_STANDARD = "gnu++0x";
				CLANG_CXX_LIBRARY = "libc++";
				CLANG_ENABLE_MODULES = YES;
				CLANG_ENABLE_OBJC_ARC = YES;
				CLANG_WARN_BLOCK_CAPTURE_AUTORELEASING = YES;
				CLANG_WARN_BOOL_CONVERSION = YES;
				CLANG_WARN_COMMA = YES;
				CLANG_WARN_CONSTANT_CONVERSION = YES;
				CLANG_WARN_DIRECT_OBJC_ISA_USAGE = YES_ERROR;
				CLANG_WARN_DOCUMENTATION_COMMENTS = YES;
				CLANG_WARN_EMPTY_BODY = YES;
				CLANG_WARN_ENUM_CONVERSION = YES;
				CLANG_WARN_INFINITE_RECURSION = YES;
				CLANG_WARN_INT_CONVERSION = YES;
				CLANG_WARN_NON_LITERAL_NULL_CONVERSION = YES;
				CLANG_WARN_OBJC_LITERAL_CONVERSION = YES;
				CLANG_WARN_OBJC_ROOT_CLASS = YES_ERROR;
				CLANG_WARN_RANGE_LOOP_ANALYSIS = YES;
				CLANG_WARN_STRICT_PROTOTYPES = YES;
				CLANG_WARN_SUSPICIOUS_MOVE = YES;
				CLANG_WARN_SUSPICIOUS_MOVES = YES;
				CLANG_WARN_UNREACHABLE_CODE = YES;
				CLANG_WARN__DUPLICATE_METHOD_MATCH = YES;
				CODE_SIGN_IDENTITY = "iPhone Developer: Mario Geneau (R93YA3HTB4)";
				"CODE_SIGN_IDENTITY[sdk=iphoneos*]" = "iPhone Developer";
				COPY_PHASE_STRIP = NO;
				DEBUG_INFORMATION_FORMAT = "dwarf-with-dsym";
				ENABLE_NS_ASSERTIONS = NO;
				ENABLE_STRICT_OBJC_MSGSEND = YES;
				GCC_C_LANGUAGE_STANDARD = gnu99;
				GCC_NO_COMMON_BLOCKS = YES;
				GCC_WARN_64_TO_32_BIT_CONVERSION = YES;
				GCC_WARN_ABOUT_RETURN_TYPE = YES_ERROR;
				GCC_WARN_UNDECLARED_SELECTOR = YES;
				GCC_WARN_UNINITIALIZED_AUTOS = YES_AGGRESSIVE;
				GCC_WARN_UNUSED_FUNCTION = YES;
				GCC_WARN_UNUSED_VARIABLE = YES;
				IPHONEOS_DEPLOYMENT_TARGET = 10.0;
				MTL_ENABLE_DEBUG_INFO = NO;
				SDKROOT = iphoneos;
				SWIFT_OPTIMIZATION_LEVEL = "-Owholemodule";
				TARGETED_DEVICE_FAMILY = "1,2";
				VALIDATE_PRODUCT = YES;
			};
			name = Release;
		};
		9D4DEC5B1D6DDE39001490B9 /* Debug */ = {
			isa = XCBuildConfiguration;
			buildSettings = {
				ASSETCATALOG_COMPILER_APPICON_NAME = AppIcon;
				DEVELOPMENT_TEAM = "";
				INFOPLIST_FILE = AddUp/Info.plist;
				IPHONEOS_DEPLOYMENT_TARGET = 9.3;
				LD_RUNPATH_SEARCH_PATHS = "$(inherited) @executable_path/Frameworks";
				PRODUCT_BUNDLE_IDENTIFIER = com.mariogeneau.AddUp;
				PRODUCT_NAME = "$(TARGET_NAME)";
				SWIFT_SWIFT3_OBJC_INFERENCE = On;
				SWIFT_VERSION = 3.0;
			};
			name = Debug;
		};
		9D4DEC5C1D6DDE39001490B9 /* Release */ = {
			isa = XCBuildConfiguration;
			buildSettings = {
				ASSETCATALOG_COMPILER_APPICON_NAME = AppIcon;
				DEVELOPMENT_TEAM = "";
				INFOPLIST_FILE = AddUp/Info.plist;
				IPHONEOS_DEPLOYMENT_TARGET = 9.3;
				LD_RUNPATH_SEARCH_PATHS = "$(inherited) @executable_path/Frameworks";
				PRODUCT_BUNDLE_IDENTIFIER = com.mariogeneau.AddUp;
				PRODUCT_NAME = "$(TARGET_NAME)";
				SWIFT_SWIFT3_OBJC_INFERENCE = On;
				SWIFT_VERSION = 3.0;
			};
			name = Release;
		};
/* End XCBuildConfiguration section */

/* Begin XCConfigurationList section */
		9D4DEC431D6DDE37001490B9 /* Build configuration list for PBXProject "AddUp" */ = {
			isa = XCConfigurationList;
			buildConfigurations = (
				9D4DEC581D6DDE39001490B9 /* Debug */,
				9D4DEC591D6DDE39001490B9 /* Release */,
			);
			defaultConfigurationIsVisible = 0;
			defaultConfigurationName = Release;
		};
		9D4DEC5A1D6DDE39001490B9 /* Build configuration list for PBXNativeTarget "AddUp" */ = {
			isa = XCConfigurationList;
			buildConfigurations = (
				9D4DEC5B1D6DDE39001490B9 /* Debug */,
				9D4DEC5C1D6DDE39001490B9 /* Release */,
			);
			defaultConfigurationIsVisible = 0;
			defaultConfigurationName = Release;
		};
/* End XCConfigurationList section */
	};
	rootObject = 9D4DEC401D6DDE37001490B9 /* Project object */;
}
